
Microsoft Visual Studio Solution File, Format Version 12.00
Project("{FAE04EC0-301F-11D3-BF4B-00C04F79EFBC}") = "Spoon.NuGet.Mediator.PipelineBehaviors.AuditLog", "Spoon.NuGet.Mediator.PipelineBehaviors.AuditLog\Spoon.NuGet.Mediator.PipelineBehaviors.AuditLog.csproj", "{517A6297-F586-48A5-BE00-A56565481081}"
EndProject
Global
	GlobalSection(SolutionConfigurationPlatforms) = preSolution
		Debug|Any CPU = Debug|Any CPU
		Release|Any CPU = Release|Any CPU
	EndGlobalSection
	GlobalSection(ProjectConfigurationPlatforms) = postSolution
		{517A6297-F586-48A5-BE00-A56565481081}.Debug|Any CPU.ActiveCfg = Debug|Any CPU
		{517A6297-F586-48A5-BE00-A56565481081}.Debug|Any CPU.Build.0 = Debug|Any CPU
		{517A6297-F586-48A5-BE00-A56565481081}.Release|Any CPU.ActiveCfg = Release|Any CPU
		{517A6297-F586-48A5-BE00-A56565481081}.Release|Any CPU.Build.0 = Release|Any CPU
	EndGlobalSection
EndGlobal
